
Microsoft Visual Studio Solution File, Format Version 12.00
# Visual Studio Version 16
VisualStudioVersion = 16.0.31205.134
MinimumVisualStudioVersion = 10.0.40219.1
Project("{9A19103F-16F7-4668-BE54-9A1E7A4F7556}") = "Abel.PropertyInjection.TestApi", "Abel.PropertyInjection.TestApi\Abel.PropertyInjection.TestApi.csproj", "{CDD6F6A6-622E-48C1-94BD-29CED440AADE}"
EndProject
Project("{9A19103F-16F7-4668-BE54-9A1E7A4F7556}") = "Abel.PropertyInjection", "Abel.PropertyInjection\Abel.PropertyInjection.csproj", "{9707A6D9-9DA3-4885-8A71-6A98414C13B0}"
EndProject
Project("{FAE04EC0-301F-11D3-BF4B-00C04F79EFBC}") = "Abel.PropertyInjection.TestApp", "Abel.PropertyInjection.TestApp\Abel.PropertyInjection.TestApp.csproj", "{B305E487-00F1-43AC-8A8E-BD91B9501913}"
EndProject
Global
	GlobalSection(SolutionConfigurationPlatforms) = preSolution
		Debug|Any CPU = Debug|Any CPU
		Release|Any CPU = Release|Any CPU
	EndGlobalSection
	GlobalSection(ProjectConfigurationPlatforms) = postSolution
		{CDD6F6A6-622E-48C1-94BD-29CED440AADE}.Debug|Any CPU.ActiveCfg = Debug|Any CPU
		{CDD6F6A6-622E-48C1-94BD-29CED440AADE}.Debug|Any CPU.Build.0 = Debug|Any CPU
		{CDD6F6A6-622E-48C1-94BD-29CED440AADE}.Release|Any CPU.ActiveCfg = Release|Any CPU
		{CDD6F6A6-622E-48C1-94BD-29CED440AADE}.Release|Any CPU.Build.0 = Release|Any CPU
		{9707A6D9-9DA3-4885-8A71-6A98414C13B0}.Debug|Any CPU.ActiveCfg = Debug|Any CPU
		{9707A6D9-9DA3-4885-8A71-6A98414C13B0}.Debug|Any CPU.Build.0 = Debug|Any CPU
		{9707A6D9-9DA3-4885-8A71-6A98414C13B0}.Release|Any CPU.ActiveCfg = Release|Any CPU
		{9707A6D9-9DA3-4885-8A71-6A98414C13B0}.Release|Any CPU.Build.0 = Release|Any CPU
		{B305E487-00F1-43AC-8A8E-BD91B9501913}.Debug|Any CPU.ActiveCfg = Debug|Any CPU
		{B305E487-00F1-43AC-8A8E-BD91B9501913}.Debug|Any CPU.Build.0 = Debug|Any CPU
		{B305E487-00F1-43AC-8A8E-BD91B9501913}.Release|Any CPU.ActiveCfg = Release|Any CPU
		{B305E487-00F1-43AC-8A8E-BD91B9501913}.Release|Any CPU.Build.0 = Release|Any CPU
	EndGlobalSection
	GlobalSection(SolutionProperties) = preSolution
		HideSolutionNode = FALSE
	EndGlobalSection
	GlobalSection(ExtensibilityGlobals) = postSolution
		SolutionGuid = {177A645A-448F-4F79-9AC9-E5B2128A4F56}
	EndGlobalSection
EndGlobal
